
Microsoft Visual Studio Solution File, Format Version 12.00
# Visual Studio Version 16
VisualStudioVersion = 16.0.31729.503
MinimumVisualStudioVersion = 10.0.40219.1
Project("{9092AA53-FB77-4645-B42D-1CCCA6BD08BD}") = "pathway_cad", "src\pathway_cad.njsproj", "{57727E08-AE5F-40DF-A3CD-66DE63FEB7E5}"
EndProject
Global
	GlobalSection(SolutionConfigurationPlatforms) = preSolution
		Debug|Any CPU = Debug|Any CPU
		Release|Any CPU = Release|Any CPU
	EndGlobalSection
	GlobalSection(ProjectConfigurationPlatforms) = postSolution
		{57727E08-AE5F-40DF-A3CD-66DE63FEB7E5}.Debug|Any CPU.ActiveCfg = Debug|Any CPU
		{57727E08-AE5F-40DF-A3CD-66DE63FEB7E5}.Debug|Any CPU.Build.0 = Debug|Any CPU
		{57727E08-AE5F-40DF-A3CD-66DE63FEB7E5}.Release|Any CPU.ActiveCfg = Release|Any CPU
		{57727E08-AE5F-40DF-A3CD-66DE63FEB7E5}.Release|Any CPU.Build.0 = Release|Any CPU
	EndGlobalSection
	GlobalSection(SolutionProperties) = preSolution
		HideSolutionNode = FALSE
	EndGlobalSection
	GlobalSection(ExtensibilityGlobals) = postSolution
		SolutionGuid = {DC9268EE-14CA-4967-8C90-5390F38C1342}
	EndGlobalSection
EndGlobal
